{
  "name": "komichi-test",
  "version": "1.0.0",
  "lockfileVersion": 3,
  "requires": true,
  "packages": {
    "": {
      "name": "komichi-test",
      "version": "1.0.0",
      "license": "ISC",
      "dependencies": {
        "@shunsuke0429/komichi": "file:../komichi"
      }
    },
    "../komichi": {
      "name": "@shunsuke0429/komichi",
      "version": "0.1.0",
      "license": "MIT",
      "devDependencies": {
        "@types/node": "^26.1.1",
        "tsx": "^4.23.1",
        "typescript": "^7.0.2"
      },
      "engines": {
        "node": ">=18"
      }
    },
    "node_modules/@shunsuke0429/komichi": {
      "resolved": "../komichi",
      "link": true
    }
  }
}
